
Microsoft Visual Studio Solution File, Format Version 12.00
# Visual Studio 15
VisualStudioVersion = 15.0.27703.2035
MinimumVisualStudioVersion = 10.0.40219.1
Project("{FAE04EC0-301F-11D3-BF4B-00C04F79EFBC}") = "NorthWindDeneme", "NorthWindDeneme\NorthWindDeneme.csproj", "{9AF500DF-AFB2-4246-9AF9-DF9403EC92EC}"
EndProject
Global
	GlobalSection(SolutionConfigurationPlatforms) = preSolution
		Debug|Any CPU = Debug|Any CPU
		Release|Any CPU = Release|Any CPU
	EndGlobalSection
	GlobalSection(ProjectConfigurationPlatforms) = postSolution
		{9AF500DF-AFB2-4246-9AF9-DF9403EC92EC}.Debug|Any CPU.ActiveCfg = Debug|Any CPU
		{9AF500DF-AFB2-4246-9AF9-DF9403EC92EC}.Debug|Any CPU.Build.0 = Debug|Any CPU
		{9AF500DF-AFB2-4246-9AF9-DF9403EC92EC}.Release|Any CPU.ActiveCfg = Release|Any CPU
		{9AF500DF-AFB2-4246-9AF9-DF9403EC92EC}.Release|Any CPU.Build.0 = Release|Any CPU
	EndGlobalSection
	GlobalSection(SolutionProperties) = preSolution
		HideSolutionNode = FALSE
	EndGlobalSection
	GlobalSection(ExtensibilityGlobals) = postSolution
		SolutionGuid = {2B82362A-EAE0-4B97-BC0A-EFED2BC75EAA}
	EndGlobalSection
EndGlobal
